
Microsoft Visual Studio Solution File, Format Version 12.00
# Visual Studio 15
VisualStudioVersion = 15.0.27004.2005
MinimumVisualStudioVersion = 10.0.40219.1
Project("{FAE04EC0-301F-11D3-BF4B-00C04F79EFBC}") = "App001.Android", "App001\App001.Android\App001.Android.csproj", "{BAF97589-2C7A-4BB8-B9B5-D8483E8385F6}"
EndProject
Project("{FAE04EC0-301F-11D3-BF4B-00C04F79EFBC}") = "App001", "App001\App001\App001.csproj", "{4DE63F36-05F8-4AB6-90F6-0C1431405602}"
EndProject
Project("{FAE04EC0-301F-11D3-BF4B-00C04F79EFBC}") = "App001.iOS", "App001\App001.iOS\App001.iOS.csproj", "{7076DC53-0539-4AE0-9B48-EB319DBC9C61}"
EndProject
Global
	GlobalSection(SolutionConfigurationPlatforms) = preSolution
		Ad-Hoc|Any CPU = Ad-Hoc|Any CPU
		Ad-Hoc|iPhone = Ad-Hoc|iPhone
		Ad-Hoc|iPhoneSimulator = Ad-Hoc|iPhoneSimulator
		AppStore|Any CPU = AppStore|Any CPU
		AppStore|iPhone = AppStore|iPhone
		AppStore|iPhoneSimulator = AppStore|iPhoneSimulator
		Debug|Any CPU = Debug|Any CPU
		Debug|iPhone = Debug|iPhone
		Debug|iPhoneSimulator = Debug|iPhoneSimulator
		Release|Any CPU = Release|Any CPU
		Release|iPhone = Release|iPhone
		Release|iPhoneSimulator = Release|iPhoneSimulator
	EndGlobalSection
	GlobalSection(ProjectConfigurationPlatforms) = postSolution
		{BAF97589-2C7A-4BB8-B9B5-D8483E8385F6}.Ad-Hoc|Any CPU.ActiveCfg = Release|Any CPU
		{BAF97589-2C7A-4BB8-B9B5-D8483E8385F6}.Ad-Hoc|Any CPU.Build.0 = Release|Any CPU
		{BAF97589-2C7A-4BB8-B9B5-D8483E8385F6}.Ad-Hoc|Any CPU.Deploy.0 = Release|Any CPU
		{BAF97589-2C7A-4BB8-B9B5-D8483E8385F6}.Ad-Hoc|iPhone.ActiveCfg = Release|Any CPU
		{BAF97589-2C7A-4BB8-B9B5-D8483E8385F6}.Ad-Hoc|iPhone.Build.0 = Release|Any CPU
		{BAF97589-2C7A-4BB8-B9B5-D8483E8385F6}.Ad-Hoc|iPhone.Deploy.0 = Release|Any CPU
		{BAF97589-2C7A-4BB8-B9B5-D8483E8385F6}.Ad-Hoc|iPhoneSimulator.ActiveCfg = Release|Any CPU
		{BAF97589-2C7A-4BB8-B9B5-D8483E8385F6}.Ad-Hoc|iPhoneSimulator.Build.0 = Release|Any CPU
		{BAF97589-2C7A-4BB8-B9B5-D8483E8385F6}.Ad-Hoc|iPhoneSimulator.Deploy.0 = Release|Any CPU
		{BAF97589-2C7A-4BB8-B9B5-D8483E8385F6}.AppStore|Any CPU.ActiveCfg = Release|Any CPU
		{BAF97589-2C7A-4BB8-B9B5-D8483E8385F6}.AppStore|Any CPU.Build.0 = Release|Any CPU
		{BAF97589-2C7A-4BB8-B9B5-D8483E8385F6}.AppStore|Any CPU.Deploy.0 = Release|Any CPU
		{BAF97589-2C7A-4BB8-B9B5-D8483E8385F6}.AppStore|iPhone.ActiveCfg = Release|Any CPU
		{BAF97589-2C7A-4BB8-B9B5-D8483E8385F6}.AppStore|iPhone.Build.0 = Release|Any CPU
		{BAF97589-2C7A-4BB8-B9B5-D8483E8385F6}.AppStore|iPhone.Deploy.0 = Release|Any CPU
		{BAF97589-2C7A-4BB8-B9B5-D8483E8385F6}.AppStore|iPhoneSimulator.ActiveCfg = Release|Any CPU
		{BAF97589-2C7A-4BB8-B9B5-D8483E8385F6}.AppStore|iPhoneSimulator.Build.0 = Release|Any CPU
		{BAF97589-2C7A-4BB8-B9B5-D8483E8385F6}.AppStore|iPhoneSimulator.Deploy.0 = Release|Any CPU
		{BAF97589-2C7A-4BB8-B9B5-D8483E8385F6}.Debug|Any CPU.ActiveCfg = Debug|Any CPU
		{BAF97589-2C7A-4BB8-B9B5-D8483E8385F6}.Debug|Any CPU.Build.0 = Debug|Any CPU
		{BAF97589-2C7A-4BB8-B9B5-D8483E8385F6}.Debug|Any CPU.Deploy.0 = Debug|Any CPU
		{BAF97589-2C7A-4BB8-B9B5-D8483E8385F6}.Debug|iPhone.ActiveCfg = Debug|Any CPU
		{BAF97589-2C7A-4BB8-B9B5-D8483E8385F6}.Debug|iPhone.Build.0 = Debug|Any CPU
		{BAF97589-2C7A-4BB8-B9B5-D8483E8385F6}.Debug|iPhone.Deploy.0 = Debug|Any CPU
		{BAF97589-2C7A-4BB8-B9B5-D8483E8385F6}.Debug|iPhoneSimulator.ActiveCfg = Debug|Any CPU
		{BAF97589-2C7A-4BB8-B9B5-D8483E8385F6}.Debug|iPhoneSimulator.Build.0 = Debug|Any CPU
		{BAF97589-2C7A-4BB8-B9B5-D8483E8385F6}.Debug|iPhoneSimulator.Deploy.0 = Debug|Any CPU
		{BAF97589-2C7A-4BB8-B9B5-D8483E8385F6}.Release|Any CPU.ActiveCfg = Release|Any CPU
		{BAF97589-2C7A-4BB8-B9B5-D8483E8385F6}.Release|Any CPU.Build.0 = Release|Any CPU
		{BAF97589-2C7A-4BB8-B9B5-D8483E8385F6}.Release|Any CPU.Deploy.0 = Release|Any CPU
		{BAF97589-2C7A-4BB8-B9B5-D8483E8385F6}.Release|iPhone.ActiveCfg = Release|Any CPU
		{BAF97589-2C7A-4BB8-B9B5-D8483E8385F6}.Release|iPhone.Build.0 = Release|Any CPU
		{BAF97589-2C7A-4BB8-B9B5-D8483E8385F6}.Release|iPhone.Deploy.0 = Release|Any CPU
		{BAF97589-2C7A-4BB8-B9B5-D8483E8385F6}.Release|iPhoneSimulator.ActiveCfg = Release|Any CPU
		{BAF97589-2C7A-4BB8-B9B5-D8483E8385F6}.Release|iPhoneSimulator.Build.0 = Release|Any CPU
		{BAF97589-2C7A-4BB8-B9B5-D8483E8385F6}.Release|iPhoneSimulator.Deploy.0 = Release|Any CPU
		{4DE63F36-05F8-4AB6-90F6-0C1431405602}.Ad-Hoc|Any CPU.ActiveCfg = Release|Any CPU
		{4DE63F36-05F8-4AB6-90F6-0C1431405602}.Ad-Hoc|Any CPU.Build.0 = Release|Any CPU
		{4DE63F36-05F8-4AB6-90F6-0C1431405602}.Ad-Hoc|iPhone.ActiveCfg = Release|Any CPU
		{4DE63F36-05F8-4AB6-90F6-0C1431405602}.Ad-Hoc|iPhone.Build.0 = Release|Any CPU
		{4DE63F36-05F8-4AB6-90F6-0C1431405602}.Ad-Hoc|iPhoneSimulator.ActiveCfg = Release|Any CPU
		{4DE63F36-05F8-4AB6-90F6-0C1431405602}.Ad-Hoc|iPhoneSimulator.Build.0 = Release|Any CPU
		{4DE63F36-05F8-4AB6-90F6-0C1431405602}.AppStore|Any CPU.ActiveCfg = Release|Any CPU
		{4DE63F36-05F8-4AB6-90F6-0C1431405602}.AppStore|Any CPU.Build.0 = Release|Any CPU
		{4DE63F36-05F8-4AB6-90F6-0C1431405602}.AppStore|iPhone.ActiveCfg = Release|Any CPU
		{4DE63F36-05F8-4AB6-90F6-0C1431405602}.AppStore|iPhone.Build.0 = Release|Any CPU
		{4DE63F36-05F8-4AB6-90F6-0C1431405602}.AppStore|iPhoneSimulator.ActiveCfg = Release|Any CPU
		{4DE63F36-05F8-4AB6-90F6-0C1431405602}.AppStore|iPhoneSimulator.Build.0 = Release|Any CPU
		{4DE63F36-05F8-4AB6-90F6-0C1431405602}.Debug|Any CPU.ActiveCfg = Debug|Any CPU
		{4DE63F36-05F8-4AB6-90F6-0C1431405602}.Debug|Any CPU.Build.0 = Debug|Any CPU
		{4DE63F36-05F8-4AB6-90F6-0C1431405602}.Debug|iPhone.ActiveCfg = Debug|Any CPU
		{4DE63F36-05F8-4AB6-90F6-0C1431405602}.Debug|iPhone.Build.0 = Debug|Any CPU
		{4DE63F36-05F8-4AB6-90F6-0C1431405602}.Debug|iPhoneSimulator.ActiveCfg = Debug|Any CPU
		{4DE63F36-05F8-4AB6-90F6-0C1431405602}.Debug|iPhoneSimulator.Build.0 = Debug|Any CPU
		{4DE63F36-05F8-4AB6-90F6-0C1431405602}.Release|Any CPU.ActiveCfg = Release|Any CPU
		{4DE63F36-05F8-4AB6-90F6-0C1431405602}.Release|Any CPU.Build.0 = Release|Any CPU
		{4DE63F36-05F8-4AB6-90F6-0C1431405602}.Release|iPhone.ActiveCfg = Release|Any CPU
		{4DE63F36-05F8-4AB6-90F6-0C1431405602}.Release|iPhone.Build.0 = Release|Any CPU
		{4DE63F36-05F8-4AB6-90F6-0C1431405602}.Release|iPhoneSimulator.ActiveCfg = Release|Any CPU
		{4DE63F36-05F8-4AB6-90F6-0C1431405602}.Release|iPhoneSimulator.Build.0 = Release|Any CPU
		{7076DC53-0539-4AE0-9B48-EB319DBC9C61}.Ad-Hoc|Any CPU.ActiveCfg = Ad-Hoc|iPhoneSimulator
		{7076DC53-0539-4AE0-9B48-EB319DBC9C61}.Ad-Hoc|iPhone.ActiveCfg = Ad-Hoc|iPhone
		{7076DC53-0539-4AE0-9B48-EB319DBC9C61}.Ad-Hoc|iPhone.Build.0 = Ad-Hoc|iPhone
		{7076DC53-0539-4AE0-9B48-EB319DBC9C61}.Ad-Hoc|iPhoneSimulator.ActiveCfg = Ad-Hoc|iPhoneSimulator
		{7076DC53-0539-4AE0-9B48-EB319DBC9C61}.Ad-Hoc|iPhoneSimulator.Build.0 = Ad-Hoc|iPhoneSimulator
		{7076DC53-0539-4AE0-9B48-EB319DBC9C61}.AppStore|Any CPU.ActiveCfg = AppStore|iPhoneSimulator
		{7076DC53-0539-4AE0-9B48-EB319DBC9C61}.AppStore|iPhone.ActiveCfg = AppStore|iPhone
		{7076DC53-0539-4AE0-9B48-EB319DBC9C61}.AppStore|iPhone.Build.0 = AppStore|iPhone
		{7076DC53-0539-4AE0-9B48-EB319DBC9C61}.AppStore|iPhoneSimulator.ActiveCfg = AppStore|iPhoneSimulator
		{7076DC53-0539-4AE0-9B48-EB319DBC9C61}.AppStore|iPhoneSimulator.Build.0 = AppStore|iPhoneSimulator
		{7076DC53-0539-4AE0-9B48-EB319DBC9C61}.Debug|Any CPU.ActiveCfg = Debug|iPhoneSimulator
		{7076DC53-0539-4AE0-9B48-EB319DBC9C61}.Debug|iPhone.ActiveCfg = Debug|iPhone
		{7076DC53-0539-4AE0-9B48-EB319DBC9C61}.Debug|iPhone.Build.0 = Debug|iPhone
		{7076DC53-0539-4AE0-9B48-EB319DBC9C61}.Debug|iPhoneSimulator.ActiveCfg = Debug|iPhoneSimulator
		{7076DC53-0539-4AE0-9B48-EB319DBC9C61}.Debug|iPhoneSimulator.Build.0 = Debug|iPhoneSimulator
		{7076DC53-0539-4AE0-9B48-EB319DBC9C61}.Release|Any CPU.ActiveCfg = Release|iPhoneSimulator
		{7076DC53-0539-4AE0-9B48-EB319DBC9C61}.Release|iPhone.ActiveCfg = Release|iPhone
		{7076DC53-0539-4AE0-9B48-EB319DBC9C61}.Release|iPhone.Build.0 = Release|iPhone
		{7076DC53-0539-4AE0-9B48-EB319DBC9C61}.Release|iPhoneSimulator.ActiveCfg = Release|iPhoneSimulator
		{7076DC53-0539-4AE0-9B48-EB319DBC9C61}.Release|iPhoneSimulator.Build.0 = Release|iPhoneSimulator
	EndGlobalSection
	GlobalSection(SolutionProperties) = preSolution
		HideSolutionNode = FALSE
	EndGlobalSection
	GlobalSection(ExtensibilityGlobals) = postSolution
		SolutionGuid = {5122E068-2513-48D4-9340-1B32DAC38ABB}
	EndGlobalSection
EndGlobal
